
Microsoft Visual Studio Solution File, Format Version 12.00
# Visual Studio Version 17
VisualStudioVersion = 17.8.34525.116
MinimumVisualStudioVersion = 10.0.40219.1
Project("{FAE04EC0-301F-11D3-BF4B-00C04F79EFBC}") = "dictionaryrealworld", "dictionaryrealworld\dictionaryrealworld.csproj", "{63D3F10F-E247-41DF-BCC6-8C920779D382}"
EndProject
Global
	GlobalSection(SolutionConfigurationPlatforms) = preSolution
		Debug|Any CPU = Debug|Any CPU
		Release|Any CPU = Release|Any CPU
	EndGlobalSection
	GlobalSection(ProjectConfigurationPlatforms) = postSolution
		{63D3F10F-E247-41DF-BCC6-8C920779D382}.Debug|Any CPU.ActiveCfg = Debug|Any CPU
		{63D3F10F-E247-41DF-BCC6-8C920779D382}.Debug|Any CPU.Build.0 = Debug|Any CPU
		{63D3F10F-E247-41DF-BCC6-8C920779D382}.Release|Any CPU.ActiveCfg = Release|Any CPU
		{63D3F10F-E247-41DF-BCC6-8C920779D382}.Release|Any CPU.Build.0 = Release|Any CPU
	EndGlobalSection
	GlobalSection(SolutionProperties) = preSolution
		HideSolutionNode = FALSE
	EndGlobalSection
	GlobalSection(ExtensibilityGlobals) = postSolution
		SolutionGuid = {F94ABBBC-D770-43A8-8A29-725A83C74A89}
	EndGlobalSection
EndGlobal
