
Microsoft Visual Studio Solution File, Format Version 12.00
# Visual Studio Version 17
VisualStudioVersion = 17.8.34525.116
MinimumVisualStudioVersion = 10.0.40219.1
Project("{FAE04EC0-301F-11D3-BF4B-00C04F79EFBC}") = "dictionary", "dictionary\dictionary.csproj", "{623ABF10-DAF4-4730-8312-5738B073808A}"
EndProject
Global
	GlobalSection(SolutionConfigurationPlatforms) = preSolution
		Debug|Any CPU = Debug|Any CPU
		Release|Any CPU = Release|Any CPU
	EndGlobalSection
	GlobalSection(ProjectConfigurationPlatforms) = postSolution
		{623ABF10-DAF4-4730-8312-5738B073808A}.Debug|Any CPU.ActiveCfg = Debug|Any CPU
		{623ABF10-DAF4-4730-8312-5738B073808A}.Debug|Any CPU.Build.0 = Debug|Any CPU
		{623ABF10-DAF4-4730-8312-5738B073808A}.Release|Any CPU.ActiveCfg = Release|Any CPU
		{623ABF10-DAF4-4730-8312-5738B073808A}.Release|Any CPU.Build.0 = Release|Any CPU
	EndGlobalSection
	GlobalSection(SolutionProperties) = preSolution
		HideSolutionNode = FALSE
	EndGlobalSection
	GlobalSection(ExtensibilityGlobals) = postSolution
		SolutionGuid = {5B4E1F21-D0F9-4A33-861B-6E236C9AEB95}
	EndGlobalSection
EndGlobal
